
Microsoft Visual Studio Solution File, Format Version 12.00
# Visual Studio Version 17
VisualStudioVersion = 17.0.31612.314
MinimumVisualStudioVersion = 10.0.40219.1
Project("{FAE04EC0-301F-11D3-BF4B-00C04F79EFBC}") = "EasyException", "EasyException\EasyException.csproj", "{3789B3A3-5A95-497C-BFEB-268C3F104835}"
EndProject
Global
	GlobalSection(SolutionConfigurationPlatforms) = preSolution
		Debug|Any CPU = Debug|Any CPU
		Release|Any CPU = Release|Any CPU
	EndGlobalSection
	GlobalSection(ProjectConfigurationPlatforms) = postSolution
		{3789B3A3-5A95-497C-BFEB-268C3F104835}.Debug|Any CPU.ActiveCfg = Debug|Any CPU
		{3789B3A3-5A95-497C-BFEB-268C3F104835}.Debug|Any CPU.Build.0 = Debug|Any CPU
		{3789B3A3-5A95-497C-BFEB-268C3F104835}.Release|Any CPU.ActiveCfg = Release|Any CPU
		{3789B3A3-5A95-497C-BFEB-268C3F104835}.Release|Any CPU.Build.0 = Release|Any CPU
	EndGlobalSection
	GlobalSection(SolutionProperties) = preSolution
		HideSolutionNode = FALSE
	EndGlobalSection
	GlobalSection(ExtensibilityGlobals) = postSolution
		SolutionGuid = {AD15F324-C084-462A-BFA0-2850150A0503}
	EndGlobalSection
EndGlobal
